
Microsoft Visual Studio Solution File, Format Version 12.00
# Visual Studio Version 17
VisualStudioVersion = 17.5.002.0
MinimumVisualStudioVersion = 10.0.40219.1
Project("{9A19103F-16F7-4668-BE54-9A1E7A4F7556}") = "task1", "task1\task1.csproj", "{CCE7832E-F0F2-4061-9F52-8F331DA62FDA}"
EndProject
Project("{9A19103F-16F7-4668-BE54-9A1E7A4F7556}") = "task10", "task10\task10.csproj", "{7910BB1C-ABFD-450C-B308-2A1D3D2ECA84}"
EndProject
Project("{9A19103F-16F7-4668-BE54-9A1E7A4F7556}") = "task2", "task2\task2.csproj", "{4BD3B6F6-50C3-4718-97F9-0D897396B3C6}"
EndProject
Project("{9A19103F-16F7-4668-BE54-9A1E7A4F7556}") = "task3", "task3\task3.csproj", "{020C5B9B-2E1F-4ABA-8C34-467E4FE9BCAC}"
EndProject
Project("{9A19103F-16F7-4668-BE54-9A1E7A4F7556}") = "task4", "task4\task4.csproj", "{7515D0B2-39B2-4BAE-BC8C-1C170E723289}"
EndProject
Project("{9A19103F-16F7-4668-BE54-9A1E7A4F7556}") = "task5", "task5\task5.csproj", "{B5B0B8E0-DBC0-47AF-97A2-D1A05D55BB9B}"
EndProject
Project("{9A19103F-16F7-4668-BE54-9A1E7A4F7556}") = "task6", "task6\task6.csproj", "{9160DD9F-DBF8-4F14-863B-F616D50B1B25}"
EndProject
Project("{9A19103F-16F7-4668-BE54-9A1E7A4F7556}") = "task7", "task7\task7.csproj", "{0D3BB30A-4487-459A-8C7B-D3B0768B9527}"
EndProject
Project("{9A19103F-16F7-4668-BE54-9A1E7A4F7556}") = "task8", "task8\task8.csproj", "{25651795-2D02-4A90-9ECB-7B322A4CE2A7}"
EndProject
Project("{9A19103F-16F7-4668-BE54-9A1E7A4F7556}") = "task9", "task9\task9.csproj", "{2A6C4BA4-41B4-43A7-BA0F-B979BA220F18}"
EndProject
Global
	GlobalSection(SolutionConfigurationPlatforms) = preSolution
		Debug|Any CPU = Debug|Any CPU
		Release|Any CPU = Release|Any CPU
	EndGlobalSection
	GlobalSection(ProjectConfigurationPlatforms) = postSolution
		{CCE7832E-F0F2-4061-9F52-8F331DA62FDA}.Debug|Any CPU.ActiveCfg = Debug|Any CPU
		{CCE7832E-F0F2-4061-9F52-8F331DA62FDA}.Debug|Any CPU.Build.0 = Debug|Any CPU
		{CCE7832E-F0F2-4061-9F52-8F331DA62FDA}.Release|Any CPU.ActiveCfg = Release|Any CPU
		{CCE7832E-F0F2-4061-9F52-8F331DA62FDA}.Release|Any CPU.Build.0 = Release|Any CPU
		{7910BB1C-ABFD-450C-B308-2A1D3D2ECA84}.Debug|Any CPU.ActiveCfg = Debug|Any CPU
		{7910BB1C-ABFD-450C-B308-2A1D3D2ECA84}.Debug|Any CPU.Build.0 = Debug|Any CPU
		{7910BB1C-ABFD-450C-B308-2A1D3D2ECA84}.Release|Any CPU.ActiveCfg = Release|Any CPU
		{7910BB1C-ABFD-450C-B308-2A1D3D2ECA84}.Release|Any CPU.Build.0 = Release|Any CPU
		{4BD3B6F6-50C3-4718-97F9-0D897396B3C6}.Debug|Any CPU.ActiveCfg = Debug|Any CPU
		{4BD3B6F6-50C3-4718-97F9-0D897396B3C6}.Debug|Any CPU.Build.0 = Debug|Any CPU
		{4BD3B6F6-50C3-4718-97F9-0D897396B3C6}.Release|Any CPU.ActiveCfg = Release|Any CPU
		{4BD3B6F6-50C3-4718-97F9-0D897396B3C6}.Release|Any CPU.Build.0 = Release|Any CPU
		{020C5B9B-2E1F-4ABA-8C34-467E4FE9BCAC}.Debug|Any CPU.ActiveCfg = Debug|Any CPU
		{020C5B9B-2E1F-4ABA-8C34-467E4FE9BCAC}.Debug|Any CPU.Build.0 = Debug|Any CPU
		{020C5B9B-2E1F-4ABA-8C34-467E4FE9BCAC}.Release|Any CPU.ActiveCfg = Release|Any CPU
		{020C5B9B-2E1F-4ABA-8C34-467E4FE9BCAC}.Release|Any CPU.Build.0 = Release|Any CPU
		{7515D0B2-39B2-4BAE-BC8C-1C170E723289}.Debug|Any CPU.ActiveCfg = Debug|Any CPU
		{7515D0B2-39B2-4BAE-BC8C-1C170E723289}.Debug|Any CPU.Build.0 = Debug|Any CPU
		{7515D0B2-39B2-4BAE-BC8C-1C170E723289}.Release|Any CPU.ActiveCfg = Release|Any CPU
		{7515D0B2-39B2-4BAE-BC8C-1C170E723289}.Release|Any CPU.Build.0 = Release|Any CPU
		{B5B0B8E0-DBC0-47AF-97A2-D1A05D55BB9B}.Debug|Any CPU.ActiveCfg = Debug|Any CPU
		{B5B0B8E0-DBC0-47AF-97A2-D1A05D55BB9B}.Debug|Any CPU.Build.0 = Debug|Any CPU
		{B5B0B8E0-DBC0-47AF-97A2-D1A05D55BB9B}.Release|Any CPU.ActiveCfg = Release|Any CPU
		{B5B0B8E0-DBC0-47AF-97A2-D1A05D55BB9B}.Release|Any CPU.Build.0 = Release|Any CPU
		{9160DD9F-DBF8-4F14-863B-F616D50B1B25}.Debug|Any CPU.ActiveCfg = Debug|Any CPU
		{9160DD9F-DBF8-4F14-863B-F616D50B1B25}.Debug|Any CPU.Build.0 = Debug|Any CPU
		{9160DD9F-DBF8-4F14-863B-F616D50B1B25}.Release|Any CPU.ActiveCfg = Release|Any CPU
		{9160DD9F-DBF8-4F14-863B-F616D50B1B25}.Release|Any CPU.Build.0 = Release|Any CPU
		{0D3BB30A-4487-459A-8C7B-D3B0768B9527}.Debug|Any CPU.ActiveCfg = Debug|Any CPU
		{0D3BB30A-4487-459A-8C7B-D3B0768B9527}.Debug|Any CPU.Build.0 = Debug|Any CPU
		{0D3BB30A-4487-459A-8C7B-D3B0768B9527}.Release|Any CPU.ActiveCfg = Release|Any CPU
		{0D3BB30A-4487-459A-8C7B-D3B0768B9527}.Release|Any CPU.Build.0 = Release|Any CPU
		{25651795-2D02-4A90-9ECB-7B322A4CE2A7}.Debug|Any CPU.ActiveCfg = Debug|Any CPU
		{25651795-2D02-4A90-9ECB-7B322A4CE2A7}.Debug|Any CPU.Build.0 = Debug|Any CPU
		{25651795-2D02-4A90-9ECB-7B322A4CE2A7}.Release|Any CPU.ActiveCfg = Release|Any CPU
		{25651795-2D02-4A90-9ECB-7B322A4CE2A7}.Release|Any CPU.Build.0 = Release|Any CPU
		{2A6C4BA4-41B4-43A7-BA0F-B979BA220F18}.Debug|Any CPU.ActiveCfg = Debug|Any CPU
		{2A6C4BA4-41B4-43A7-BA0F-B979BA220F18}.Debug|Any CPU.Build.0 = Debug|Any CPU
		{2A6C4BA4-41B4-43A7-BA0F-B979BA220F18}.Release|Any CPU.ActiveCfg = Release|Any CPU
		{2A6C4BA4-41B4-43A7-BA0F-B979BA220F18}.Release|Any CPU.Build.0 = Release|Any CPU
	EndGlobalSection
	GlobalSection(SolutionProperties) = preSolution
		HideSolutionNode = FALSE
	EndGlobalSection
	GlobalSection(ExtensibilityGlobals) = postSolution
		SolutionGuid = {EE395118-ABB1-4E3F-8E8E-D4A0543E6398}
	EndGlobalSection
EndGlobal
